
Microsoft Visual Studio Solution File, Format Version 12.00
# Visual Studio 15
VisualStudioVersion = 15.0.27703.1
MinimumVisualStudioVersion = 10.0.40219.1
Project("{FAE04EC0-301F-11D3-BF4B-00C04F79EFBC}") = "DeepClone", "DeepClone\DeepClone.csproj", "{5DB70C7D-E884-41AC-BABE-99ABBB6FC919}"
EndProject
Project("{FAE04EC0-301F-11D3-BF4B-00C04F79EFBC}") = "DeepClone.Test", "DeepClone.Test\DeepClone.Test.csproj", "{DD9707A3-D8D2-42F1-B0FC-6661C0243156}"
EndProject
Global
	GlobalSection(SolutionConfigurationPlatforms) = preSolution
		Debug|Any CPU = Debug|Any CPU
		Release|Any CPU = Release|Any CPU
	EndGlobalSection
	GlobalSection(ProjectConfigurationPlatforms) = postSolution
		{5DB70C7D-E884-41AC-BABE-99ABBB6FC919}.Debug|Any CPU.ActiveCfg = Debug|Any CPU
		{5DB70C7D-E884-41AC-BABE-99ABBB6FC919}.Debug|Any CPU.Build.0 = Debug|Any CPU
		{5DB70C7D-E884-41AC-BABE-99ABBB6FC919}.Release|Any CPU.ActiveCfg = Release|Any CPU
		{5DB70C7D-E884-41AC-BABE-99ABBB6FC919}.Release|Any CPU.Build.0 = Release|Any CPU
		{DD9707A3-D8D2-42F1-B0FC-6661C0243156}.Debug|Any CPU.ActiveCfg = Debug|Any CPU
		{DD9707A3-D8D2-42F1-B0FC-6661C0243156}.Debug|Any CPU.Build.0 = Debug|Any CPU
		{DD9707A3-D8D2-42F1-B0FC-6661C0243156}.Release|Any CPU.ActiveCfg = Release|Any CPU
		{DD9707A3-D8D2-42F1-B0FC-6661C0243156}.Release|Any CPU.Build.0 = Release|Any CPU
	EndGlobalSection
	GlobalSection(SolutionProperties) = preSolution
		HideSolutionNode = FALSE
	EndGlobalSection
	GlobalSection(ExtensibilityGlobals) = postSolution
		SolutionGuid = {5C878DF7-F591-44F0-B313-76ACDC3F6A77}
	EndGlobalSection
EndGlobal
